
Microsoft Visual Studio Solution File, Format Version 12.00
# Visual Studio Version 17
VisualStudioVersion = 17.5.33530.505
MinimumVisualStudioVersion = 10.0.40219.1
Project("{2150E333-8FDC-42A3-9474-1A3956D46DE8}") = "Services", "Services", "{39820660-C697-4ED9-8E95-495B20A1D926}"
EndProject
Project("{2150E333-8FDC-42A3-9474-1A3956D46DE8}") = "Catalog", "Catalog", "{BB0AF932-D9C8-49CF-857A-913C0403A758}"
EndProject
Project("{9A19103F-16F7-4668-BE54-9A1E7A4F7556}") = "Catalog.API", "Services\Catalog\Catalog.API\Catalog.API.csproj", "{55BF6F78-1B1A-4673-AECB-B1262D2ACB5D}"
EndProject
Project("{E53339B2-1760-4266-BCC7-CA923CBCF16C}") = "docker-compose", "docker-compose.dcproj", "{C8729660-F3DF-4272-88C5-3DF315346A6E}"
EndProject
Project("{2150E333-8FDC-42A3-9474-1A3956D46DE8}") = "Basket", "Basket", "{3531B4DF-F38E-460C-8E16-137ABDA7DAB9}"
EndProject
Project("{9A19103F-16F7-4668-BE54-9A1E7A4F7556}") = "Basket.API", "Services\Basket\Basket.API\Basket.API.csproj", "{6DCD1123-A864-4932-997B-3E302ED85B5F}"
EndProject
Project("{2150E333-8FDC-42A3-9474-1A3956D46DE8}") = "Discount", "Discount", "{777A3E84-7F95-4B3F-ABBD-F6C7B41DC9BF}"
EndProject
Project("{FAE04EC0-301F-11D3-BF4B-00C04F79EFBC}") = "Discount.API", "Services\Discount\Discount.API\Discount.API.csproj", "{89D8B868-AB3B-4EC7-94E5-E77119E793EC}"
EndProject
Global
	GlobalSection(SolutionConfigurationPlatforms) = preSolution
		Debug|Any CPU = Debug|Any CPU
		Release|Any CPU = Release|Any CPU
	EndGlobalSection
	GlobalSection(ProjectConfigurationPlatforms) = postSolution
		{55BF6F78-1B1A-4673-AECB-B1262D2ACB5D}.Debug|Any CPU.ActiveCfg = Debug|Any CPU
		{55BF6F78-1B1A-4673-AECB-B1262D2ACB5D}.Debug|Any CPU.Build.0 = Debug|Any CPU
		{55BF6F78-1B1A-4673-AECB-B1262D2ACB5D}.Release|Any CPU.ActiveCfg = Release|Any CPU
		{55BF6F78-1B1A-4673-AECB-B1262D2ACB5D}.Release|Any CPU.Build.0 = Release|Any CPU
		{C8729660-F3DF-4272-88C5-3DF315346A6E}.Debug|Any CPU.ActiveCfg = Debug|Any CPU
		{C8729660-F3DF-4272-88C5-3DF315346A6E}.Debug|Any CPU.Build.0 = Debug|Any CPU
		{C8729660-F3DF-4272-88C5-3DF315346A6E}.Release|Any CPU.ActiveCfg = Release|Any CPU
		{C8729660-F3DF-4272-88C5-3DF315346A6E}.Release|Any CPU.Build.0 = Release|Any CPU
		{6DCD1123-A864-4932-997B-3E302ED85B5F}.Debug|Any CPU.ActiveCfg = Debug|Any CPU
		{6DCD1123-A864-4932-997B-3E302ED85B5F}.Debug|Any CPU.Build.0 = Debug|Any CPU
		{6DCD1123-A864-4932-997B-3E302ED85B5F}.Release|Any CPU.ActiveCfg = Release|Any CPU
		{6DCD1123-A864-4932-997B-3E302ED85B5F}.Release|Any CPU.Build.0 = Release|Any CPU
		{89D8B868-AB3B-4EC7-94E5-E77119E793EC}.Debug|Any CPU.ActiveCfg = Debug|Any CPU
		{89D8B868-AB3B-4EC7-94E5-E77119E793EC}.Debug|Any CPU.Build.0 = Debug|Any CPU
		{89D8B868-AB3B-4EC7-94E5-E77119E793EC}.Release|Any CPU.ActiveCfg = Release|Any CPU
		{89D8B868-AB3B-4EC7-94E5-E77119E793EC}.Release|Any CPU.Build.0 = Release|Any CPU
	EndGlobalSection
	GlobalSection(SolutionProperties) = preSolution
		HideSolutionNode = FALSE
	EndGlobalSection
	GlobalSection(NestedProjects) = preSolution
		{BB0AF932-D9C8-49CF-857A-913C0403A758} = {39820660-C697-4ED9-8E95-495B20A1D926}
		{55BF6F78-1B1A-4673-AECB-B1262D2ACB5D} = {BB0AF932-D9C8-49CF-857A-913C0403A758}
		{3531B4DF-F38E-460C-8E16-137ABDA7DAB9} = {39820660-C697-4ED9-8E95-495B20A1D926}
		{6DCD1123-A864-4932-997B-3E302ED85B5F} = {3531B4DF-F38E-460C-8E16-137ABDA7DAB9}
		{777A3E84-7F95-4B3F-ABBD-F6C7B41DC9BF} = {39820660-C697-4ED9-8E95-495B20A1D926}
		{89D8B868-AB3B-4EC7-94E5-E77119E793EC} = {777A3E84-7F95-4B3F-ABBD-F6C7B41DC9BF}
	EndGlobalSection
	GlobalSection(ExtensibilityGlobals) = postSolution
		SolutionGuid = {6CE5DB1B-5673-45F3-B58C-12FBE992D321}
	EndGlobalSection
EndGlobal
